
Microsoft Visual Studio Solution File, Format Version 12.00
# Visual Studio Version 17
VisualStudioVersion = 17.0.31903.59
MinimumVisualStudioVersion = 10.0.40219.1
Project("{FAE04EC0-301F-11D3-BF4B-00C04F79EFBC}") = "MediaLock.Probe", "src\MediaLock.Probe\MediaLock.Probe.csproj", "{943D3680-4256-4BDF-9DBB-069860BDACDD}"
EndProject
Project("{2150E333-8FDC-42A3-9474-1A3956D46DE8}") = "tests", "tests", "{0AB3BF05-4346-4AA6-1389-037BE0695223}"
EndProject
Project("{FAE04EC0-301F-11D3-BF4B-00C04F79EFBC}") = "MediaLock.Probe.Tests", "tests\MediaLock.Probe.Tests\MediaLock.Probe.Tests.csproj", "{90EF68EC-B4AE-4D0F-AF98-8CE2AF6F9D5D}"
EndProject
Project("{2150E333-8FDC-42A3-9474-1A3956D46DE8}") = "src", "src", "{827E0CD3-B72D-47B6-A68D-7590B98EB39B}"
EndProject
Project("{FAE04EC0-301F-11D3-BF4B-00C04F79EFBC}") = "MediaLock.Core", "src\MediaLock.Core\MediaLock.Core.csproj", "{F45447BD-080C-4B6B-ADB1-99AF228284C4}"
EndProject
Project("{FAE04EC0-301F-11D3-BF4B-00C04F79EFBC}") = "MediaLock.Core.Tests", "tests\MediaLock.Core.Tests\MediaLock.Core.Tests.csproj", "{BCC2236A-62FF-4B1F-8066-430475B8B4C2}"
EndProject
Project("{FAE04EC0-301F-11D3-BF4B-00C04F79EFBC}") = "MediaLock.Application", "src\MediaLock.Application\MediaLock.Application.csproj", "{9E7A6763-8B47-4DEA-A1A2-1956938BCEE7}"
EndProject
Project("{FAE04EC0-301F-11D3-BF4B-00C04F79EFBC}") = "MediaLock.Application.Tests", "tests\MediaLock.Application.Tests\MediaLock.Application.Tests.csproj", "{51B55260-F73F-4572-9A3B-EDE51F69CCC7}"
EndProject
Project("{FAE04EC0-301F-11D3-BF4B-00C04F79EFBC}") = "MediaLock.Windows", "src\MediaLock.Windows\MediaLock.Windows.csproj", "{DC2D4ADD-A275-4C34-A075-DBF2DB34F004}"
EndProject
Project("{FAE04EC0-301F-11D3-BF4B-00C04F79EFBC}") = "MediaLock.Windows.Tests", "tests\MediaLock.Windows.Tests\MediaLock.Windows.Tests.csproj", "{4F548F63-36B0-439D-BFC9-D8D567BCD5B5}"
EndProject
Project("{FAE04EC0-301F-11D3-BF4B-00C04F79EFBC}") = "MediaLock.App", "src\MediaLock.App\MediaLock.App.csproj", "{38B510C5-EBB6-45B0-9ADE-6D26AD5E26A0}"
EndProject
Project("{FAE04EC0-301F-11D3-BF4B-00C04F79EFBC}") = "MediaLock.App.Tests", "tests\MediaLock.App.Tests\MediaLock.App.Tests.csproj", "{80CF8A75-A020-487F-8095-9562BA75FF80}"
EndProject
Project("{2150E333-8FDC-42A3-9474-1A3956D46DE8}") = "experiments", "experiments", "{8E1D1CCC-9289-C849-48CA-D7E099D02B6F}"
EndProject
Project("{FAE04EC0-301F-11D3-BF4B-00C04F79EFBC}") = "Phase16A.BrowserDirectProbe", "experiments\Phase16A.BrowserDirectProbe\Phase16A.BrowserDirectProbe.csproj", "{28EC609A-BC7E-4B72-9B2B-1DDE91A794FA}"
EndProject
Project("{FAE04EC0-301F-11D3-BF4B-00C04F79EFBC}") = "Phase16A.BrowserDirectProbe.Tests", "tests\Phase16A.BrowserDirectProbe.Tests\Phase16A.BrowserDirectProbe.Tests.csproj", "{5E9FC640-75BE-4AC9-B701-5CF5609AFF86}"
EndProject
Project("{FAE04EC0-301F-11D3-BF4B-00C04F79EFBC}") = "MediaLock.Browser", "src\MediaLock.Browser\MediaLock.Browser.csproj", "{5A7CFC4E-C127-42C8-82E1-3982291CE1E0}"
EndProject
Project("{FAE04EC0-301F-11D3-BF4B-00C04F79EFBC}") = "MediaLock.BrowserHost", "src\MediaLock.BrowserHost\MediaLock.BrowserHost.csproj", "{1FD4A7E4-751F-485A-8CDF-0A9D5C8AFE93}"
EndProject
Project("{FAE04EC0-301F-11D3-BF4B-00C04F79EFBC}") = "MediaLock.Browser.Tests", "tests\MediaLock.Browser.Tests\MediaLock.Browser.Tests.csproj", "{DEF1AA9C-390F-4658-B1CA-23EDBCDF3A52}"
EndProject
Global
	GlobalSection(SolutionConfigurationPlatforms) = preSolution
		Debug|Any CPU = Debug|Any CPU
		Debug|x64 = Debug|x64
		Debug|x86 = Debug|x86
		Release|Any CPU = Release|Any CPU
		Release|x64 = Release|x64
		Release|x86 = Release|x86
	EndGlobalSection
	GlobalSection(ProjectConfigurationPlatforms) = postSolution
		{943D3680-4256-4BDF-9DBB-069860BDACDD}.Debug|Any CPU.ActiveCfg = Debug|Any CPU
		{943D3680-4256-4BDF-9DBB-069860BDACDD}.Debug|Any CPU.Build.0 = Debug|Any CPU
		{943D3680-4256-4BDF-9DBB-069860BDACDD}.Debug|x64.ActiveCfg = Debug|Any CPU
		{943D3680-4256-4BDF-9DBB-069860BDACDD}.Debug|x64.Build.0 = Debug|Any CPU
		{943D3680-4256-4BDF-9DBB-069860BDACDD}.Debug|x86.ActiveCfg = Debug|Any CPU
		{943D3680-4256-4BDF-9DBB-069860BDACDD}.Debug|x86.Build.0 = Debug|Any CPU
		{943D3680-4256-4BDF-9DBB-069860BDACDD}.Release|Any CPU.ActiveCfg = Release|Any CPU
		{943D3680-4256-4BDF-9DBB-069860BDACDD}.Release|Any CPU.Build.0 = Release|Any CPU
		{943D3680-4256-4BDF-9DBB-069860BDACDD}.Release|x64.ActiveCfg = Release|Any CPU
		{943D3680-4256-4BDF-9DBB-069860BDACDD}.Release|x64.Build.0 = Release|Any CPU
		{943D3680-4256-4BDF-9DBB-069860BDACDD}.Release|x86.ActiveCfg = Release|Any CPU
		{943D3680-4256-4BDF-9DBB-069860BDACDD}.Release|x86.Build.0 = Release|Any CPU
		{90EF68EC-B4AE-4D0F-AF98-8CE2AF6F9D5D}.Debug|Any CPU.ActiveCfg = Debug|Any CPU
		{90EF68EC-B4AE-4D0F-AF98-8CE2AF6F9D5D}.Debug|Any CPU.Build.0 = Debug|Any CPU
		{90EF68EC-B4AE-4D0F-AF98-8CE2AF6F9D5D}.Debug|x64.ActiveCfg = Debug|Any CPU
		{90EF68EC-B4AE-4D0F-AF98-8CE2AF6F9D5D}.Debug|x64.Build.0 = Debug|Any CPU
		{90EF68EC-B4AE-4D0F-AF98-8CE2AF6F9D5D}.Debug|x86.ActiveCfg = Debug|Any CPU
		{90EF68EC-B4AE-4D0F-AF98-8CE2AF6F9D5D}.Debug|x86.Build.0 = Debug|Any CPU
		{90EF68EC-B4AE-4D0F-AF98-8CE2AF6F9D5D}.Release|Any CPU.ActiveCfg = Release|Any CPU
		{90EF68EC-B4AE-4D0F-AF98-8CE2AF6F9D5D}.Release|Any CPU.Build.0 = Release|Any CPU
		{90EF68EC-B4AE-4D0F-AF98-8CE2AF6F9D5D}.Release|x64.ActiveCfg = Release|Any CPU
		{90EF68EC-B4AE-4D0F-AF98-8CE2AF6F9D5D}.Release|x64.Build.0 = Release|Any CPU
		{90EF68EC-B4AE-4D0F-AF98-8CE2AF6F9D5D}.Release|x86.ActiveCfg = Release|Any CPU
		{90EF68EC-B4AE-4D0F-AF98-8CE2AF6F9D5D}.Release|x86.Build.0 = Release|Any CPU
		{F45447BD-080C-4B6B-ADB1-99AF228284C4}.Debug|Any CPU.ActiveCfg = Debug|Any CPU
		{F45447BD-080C-4B6B-ADB1-99AF228284C4}.Debug|Any CPU.Build.0 = Debug|Any CPU
		{F45447BD-080C-4B6B-ADB1-99AF228284C4}.Debug|x64.ActiveCfg = Debug|Any CPU
		{F45447BD-080C-4B6B-ADB1-99AF228284C4}.Debug|x64.Build.0 = Debug|Any CPU
		{F45447BD-080C-4B6B-ADB1-99AF228284C4}.Debug|x86.ActiveCfg = Debug|Any CPU
		{F45447BD-080C-4B6B-ADB1-99AF228284C4}.Debug|x86.Build.0 = Debug|Any CPU
		{F45447BD-080C-4B6B-ADB1-99AF228284C4}.Release|Any CPU.ActiveCfg = Release|Any CPU
		{F45447BD-080C-4B6B-ADB1-99AF228284C4}.Release|Any CPU.Build.0 = Release|Any CPU
		{F45447BD-080C-4B6B-ADB1-99AF228284C4}.Release|x64.ActiveCfg = Release|Any CPU
		{F45447BD-080C-4B6B-ADB1-99AF228284C4}.Release|x64.Build.0 = Release|Any CPU
		{F45447BD-080C-4B6B-ADB1-99AF228284C4}.Release|x86.ActiveCfg = Release|Any CPU
		{F45447BD-080C-4B6B-ADB1-99AF228284C4}.Release|x86.Build.0 = Release|Any CPU
		{BCC2236A-62FF-4B1F-8066-430475B8B4C2}.Debug|Any CPU.ActiveCfg = Debug|Any CPU
		{BCC2236A-62FF-4B1F-8066-430475B8B4C2}.Debug|Any CPU.Build.0 = Debug|Any CPU
		{BCC2236A-62FF-4B1F-8066-430475B8B4C2}.Debug|x64.ActiveCfg = Debug|Any CPU
		{BCC2236A-62FF-4B1F-8066-430475B8B4C2}.Debug|x64.Build.0 = Debug|Any CPU
		{BCC2236A-62FF-4B1F-8066-430475B8B4C2}.Debug|x86.ActiveCfg = Debug|Any CPU
		{BCC2236A-62FF-4B1F-8066-430475B8B4C2}.Debug|x86.Build.0 = Debug|Any CPU
		{BCC2236A-62FF-4B1F-8066-430475B8B4C2}.Release|Any CPU.ActiveCfg = Release|Any CPU
		{BCC2236A-62FF-4B1F-8066-430475B8B4C2}.Release|Any CPU.Build.0 = Release|Any CPU
		{BCC2236A-62FF-4B1F-8066-430475B8B4C2}.Release|x64.ActiveCfg = Release|Any CPU
		{BCC2236A-62FF-4B1F-8066-430475B8B4C2}.Release|x64.Build.0 = Release|Any CPU
		{BCC2236A-62FF-4B1F-8066-430475B8B4C2}.Release|x86.ActiveCfg = Release|Any CPU
		{BCC2236A-62FF-4B1F-8066-430475B8B4C2}.Release|x86.Build.0 = Release|Any CPU
		{9E7A6763-8B47-4DEA-A1A2-1956938BCEE7}.Debug|Any CPU.ActiveCfg = Debug|Any CPU
		{9E7A6763-8B47-4DEA-A1A2-1956938BCEE7}.Debug|Any CPU.Build.0 = Debug|Any CPU
		{9E7A6763-8B47-4DEA-A1A2-1956938BCEE7}.Debug|x64.ActiveCfg = Debug|Any CPU
		{9E7A6763-8B47-4DEA-A1A2-1956938BCEE7}.Debug|x64.Build.0 = Debug|Any CPU
		{9E7A6763-8B47-4DEA-A1A2-1956938BCEE7}.Debug|x86.ActiveCfg = Debug|Any CPU
		{9E7A6763-8B47-4DEA-A1A2-1956938BCEE7}.Debug|x86.Build.0 = Debug|Any CPU
		{9E7A6763-8B47-4DEA-A1A2-1956938BCEE7}.Release|Any CPU.ActiveCfg = Release|Any CPU
		{9E7A6763-8B47-4DEA-A1A2-1956938BCEE7}.Release|Any CPU.Build.0 = Release|Any CPU
		{9E7A6763-8B47-4DEA-A1A2-1956938BCEE7}.Release|x64.ActiveCfg = Release|Any CPU
		{9E7A6763-8B47-4DEA-A1A2-1956938BCEE7}.Release|x64.Build.0 = Release|Any CPU
		{9E7A6763-8B47-4DEA-A1A2-1956938BCEE7}.Release|x86.ActiveCfg = Release|Any CPU
		{9E7A6763-8B47-4DEA-A1A2-1956938BCEE7}.Release|x86.Build.0 = Release|Any CPU
		{51B55260-F73F-4572-9A3B-EDE51F69CCC7}.Debug|Any CPU.ActiveCfg = Debug|Any CPU
		{51B55260-F73F-4572-9A3B-EDE51F69CCC7}.Debug|Any CPU.Build.0 = Debug|Any CPU
		{51B55260-F73F-4572-9A3B-EDE51F69CCC7}.Debug|x64.ActiveCfg = Debug|Any CPU
		{51B55260-F73F-4572-9A3B-EDE51F69CCC7}.Debug|x64.Build.0 = Debug|Any CPU
		{51B55260-F73F-4572-9A3B-EDE51F69CCC7}.Debug|x86.ActiveCfg = Debug|Any CPU
		{51B55260-F73F-4572-9A3B-EDE51F69CCC7}.Debug|x86.Build.0 = Debug|Any CPU
		{51B55260-F73F-4572-9A3B-EDE51F69CCC7}.Release|Any CPU.ActiveCfg = Release|Any CPU
		{51B55260-F73F-4572-9A3B-EDE51F69CCC7}.Release|Any CPU.Build.0 = Release|Any CPU
		{51B55260-F73F-4572-9A3B-EDE51F69CCC7}.Release|x64.ActiveCfg = Release|Any CPU
		{51B55260-F73F-4572-9A3B-EDE51F69CCC7}.Release|x64.Build.0 = Release|Any CPU
		{51B55260-F73F-4572-9A3B-EDE51F69CCC7}.Release|x86.ActiveCfg = Release|Any CPU
		{51B55260-F73F-4572-9A3B-EDE51F69CCC7}.Release|x86.Build.0 = Release|Any CPU
		{DC2D4ADD-A275-4C34-A075-DBF2DB34F004}.Debug|Any CPU.ActiveCfg = Debug|Any CPU
		{DC2D4ADD-A275-4C34-A075-DBF2DB34F004}.Debug|Any CPU.Build.0 = Debug|Any CPU
		{DC2D4ADD-A275-4C34-A075-DBF2DB34F004}.Debug|x64.ActiveCfg = Debug|Any CPU
		{DC2D4ADD-A275-4C34-A075-DBF2DB34F004}.Debug|x64.Build.0 = Debug|Any CPU
		{DC2D4ADD-A275-4C34-A075-DBF2DB34F004}.Debug|x86.ActiveCfg = Debug|Any CPU
		{DC2D4ADD-A275-4C34-A075-DBF2DB34F004}.Debug|x86.Build.0 = Debug|Any CPU
		{DC2D4ADD-A275-4C34-A075-DBF2DB34F004}.Release|Any CPU.ActiveCfg = Release|Any CPU
		{DC2D4ADD-A275-4C34-A075-DBF2DB34F004}.Release|Any CPU.Build.0 = Release|Any CPU
		{DC2D4ADD-A275-4C34-A075-DBF2DB34F004}.Release|x64.ActiveCfg = Release|Any CPU
		{DC2D4ADD-A275-4C34-A075-DBF2DB34F004}.Release|x64.Build.0 = Release|Any CPU
		{DC2D4ADD-A275-4C34-A075-DBF2DB34F004}.Release|x86.ActiveCfg = Release|Any CPU
		{DC2D4ADD-A275-4C34-A075-DBF2DB34F004}.Release|x86.Build.0 = Release|Any CPU
		{4F548F63-36B0-439D-BFC9-D8D567BCD5B5}.Debug|Any CPU.ActiveCfg = Debug|Any CPU
		{4F548F63-36B0-439D-BFC9-D8D567BCD5B5}.Debug|Any CPU.Build.0 = Debug|Any CPU
		{4F548F63-36B0-439D-BFC9-D8D567BCD5B5}.Debug|x64.ActiveCfg = Debug|Any CPU
		{4F548F63-36B0-439D-BFC9-D8D567BCD5B5}.Debug|x64.Build.0 = Debug|Any CPU
		{4F548F63-36B0-439D-BFC9-D8D567BCD5B5}.Debug|x86.ActiveCfg = Debug|Any CPU
		{4F548F63-36B0-439D-BFC9-D8D567BCD5B5}.Debug|x86.Build.0 = Debug|Any CPU
		{4F548F63-36B0-439D-BFC9-D8D567BCD5B5}.Release|Any CPU.ActiveCfg = Release|Any CPU
		{4F548F63-36B0-439D-BFC9-D8D567BCD5B5}.Release|Any CPU.Build.0 = Release|Any CPU
		{4F548F63-36B0-439D-BFC9-D8D567BCD5B5}.Release|x64.ActiveCfg = Release|Any CPU
		{4F548F63-36B0-439D-BFC9-D8D567BCD5B5}.Release|x64.Build.0 = Release|Any CPU
		{4F548F63-36B0-439D-BFC9-D8D567BCD5B5}.Release|x86.ActiveCfg = Release|Any CPU
		{4F548F63-36B0-439D-BFC9-D8D567BCD5B5}.Release|x86.Build.0 = Release|Any CPU
		{38B510C5-EBB6-45B0-9ADE-6D26AD5E26A0}.Debug|Any CPU.ActiveCfg = Debug|Any CPU
		{38B510C5-EBB6-45B0-9ADE-6D26AD5E26A0}.Debug|Any CPU.Build.0 = Debug|Any CPU
		{38B510C5-EBB6-45B0-9ADE-6D26AD5E26A0}.Debug|x64.ActiveCfg = Debug|Any CPU
		{38B510C5-EBB6-45B0-9ADE-6D26AD5E26A0}.Debug|x64.Build.0 = Debug|Any CPU
		{38B510C5-EBB6-45B0-9ADE-6D26AD5E26A0}.Debug|x86.ActiveCfg = Debug|Any CPU
		{38B510C5-EBB6-45B0-9ADE-6D26AD5E26A0}.Debug|x86.Build.0 = Debug|Any CPU
		{38B510C5-EBB6-45B0-9ADE-6D26AD5E26A0}.Release|Any CPU.ActiveCfg = Release|Any CPU
		{38B510C5-EBB6-45B0-9ADE-6D26AD5E26A0}.Release|Any CPU.Build.0 = Release|Any CPU
		{38B510C5-EBB6-45B0-9ADE-6D26AD5E26A0}.Release|x64.ActiveCfg = Release|Any CPU
		{38B510C5-EBB6-45B0-9ADE-6D26AD5E26A0}.Release|x64.Build.0 = Release|Any CPU
		{38B510C5-EBB6-45B0-9ADE-6D26AD5E26A0}.Release|x86.ActiveCfg = Release|Any CPU
		{38B510C5-EBB6-45B0-9ADE-6D26AD5E26A0}.Release|x86.Build.0 = Release|Any CPU
		{80CF8A75-A020-487F-8095-9562BA75FF80}.Debug|Any CPU.ActiveCfg = Debug|Any CPU
		{80CF8A75-A020-487F-8095-9562BA75FF80}.Debug|Any CPU.Build.0 = Debug|Any CPU
		{80CF8A75-A020-487F-8095-9562BA75FF80}.Debug|x64.ActiveCfg = Debug|Any CPU
		{80CF8A75-A020-487F-8095-9562BA75FF80}.Debug|x64.Build.0 = Debug|Any CPU
		{80CF8A75-A020-487F-8095-9562BA75FF80}.Debug|x86.ActiveCfg = Debug|Any CPU
		{80CF8A75-A020-487F-8095-9562BA75FF80}.Debug|x86.Build.0 = Debug|Any CPU
		{80CF8A75-A020-487F-8095-9562BA75FF80}.Release|Any CPU.ActiveCfg = Release|Any CPU
		{80CF8A75-A020-487F-8095-9562BA75FF80}.Release|Any CPU.Build.0 = Release|Any CPU
		{80CF8A75-A020-487F-8095-9562BA75FF80}.Release|x64.ActiveCfg = Release|Any CPU
		{80CF8A75-A020-487F-8095-9562BA75FF80}.Release|x64.Build.0 = Release|Any CPU
		{80CF8A75-A020-487F-8095-9562BA75FF80}.Release|x86.ActiveCfg = Release|Any CPU
		{80CF8A75-A020-487F-8095-9562BA75FF80}.Release|x86.Build.0 = Release|Any CPU
		{28EC609A-BC7E-4B72-9B2B-1DDE91A794FA}.Debug|Any CPU.ActiveCfg = Debug|Any CPU
		{28EC609A-BC7E-4B72-9B2B-1DDE91A794FA}.Debug|Any CPU.Build.0 = Debug|Any CPU
		{28EC609A-BC7E-4B72-9B2B-1DDE91A794FA}.Debug|x64.ActiveCfg = Debug|Any CPU
		{28EC609A-BC7E-4B72-9B2B-1DDE91A794FA}.Debug|x64.Build.0 = Debug|Any CPU
		{28EC609A-BC7E-4B72-9B2B-1DDE91A794FA}.Debug|x86.ActiveCfg = Debug|Any CPU
		{28EC609A-BC7E-4B72-9B2B-1DDE91A794FA}.Debug|x86.Build.0 = Debug|Any CPU
		{28EC609A-BC7E-4B72-9B2B-1DDE91A794FA}.Release|Any CPU.ActiveCfg = Release|Any CPU
		{28EC609A-BC7E-4B72-9B2B-1DDE91A794FA}.Release|Any CPU.Build.0 = Release|Any CPU
		{28EC609A-BC7E-4B72-9B2B-1DDE91A794FA}.Release|x64.ActiveCfg = Release|Any CPU
		{28EC609A-BC7E-4B72-9B2B-1DDE91A794FA}.Release|x64.Build.0 = Release|Any CPU
		{28EC609A-BC7E-4B72-9B2B-1DDE91A794FA}.Release|x86.ActiveCfg = Release|Any CPU
		{28EC609A-BC7E-4B72-9B2B-1DDE91A794FA}.Release|x86.Build.0 = Release|Any CPU
		{5E9FC640-75BE-4AC9-B701-5CF5609AFF86}.Debug|Any CPU.ActiveCfg = Debug|Any CPU
		{5E9FC640-75BE-4AC9-B701-5CF5609AFF86}.Debug|Any CPU.Build.0 = Debug|Any CPU
		{5E9FC640-75BE-4AC9-B701-5CF5609AFF86}.Debug|x64.ActiveCfg = Debug|Any CPU
		{5E9FC640-75BE-4AC9-B701-5CF5609AFF86}.Debug|x64.Build.0 = Debug|Any CPU
		{5E9FC640-75BE-4AC9-B701-5CF5609AFF86}.Debug|x86.ActiveCfg = Debug|Any CPU
		{5E9FC640-75BE-4AC9-B701-5CF5609AFF86}.Debug|x86.Build.0 = Debug|Any CPU
		{5E9FC640-75BE-4AC9-B701-5CF5609AFF86}.Release|Any CPU.ActiveCfg = Release|Any CPU
		{5E9FC640-75BE-4AC9-B701-5CF5609AFF86}.Release|Any CPU.Build.0 = Release|Any CPU
		{5E9FC640-75BE-4AC9-B701-5CF5609AFF86}.Release|x64.ActiveCfg = Release|Any CPU
		{5E9FC640-75BE-4AC9-B701-5CF5609AFF86}.Release|x64.Build.0 = Release|Any CPU
		{5E9FC640-75BE-4AC9-B701-5CF5609AFF86}.Release|x86.ActiveCfg = Release|Any CPU
		{5E9FC640-75BE-4AC9-B701-5CF5609AFF86}.Release|x86.Build.0 = Release|Any CPU
		{5A7CFC4E-C127-42C8-82E1-3982291CE1E0}.Debug|Any CPU.ActiveCfg = Debug|Any CPU
		{5A7CFC4E-C127-42C8-82E1-3982291CE1E0}.Debug|Any CPU.Build.0 = Debug|Any CPU
		{5A7CFC4E-C127-42C8-82E1-3982291CE1E0}.Debug|x64.ActiveCfg = Debug|Any CPU
		{5A7CFC4E-C127-42C8-82E1-3982291CE1E0}.Debug|x64.Build.0 = Debug|Any CPU
		{5A7CFC4E-C127-42C8-82E1-3982291CE1E0}.Debug|x86.ActiveCfg = Debug|Any CPU
		{5A7CFC4E-C127-42C8-82E1-3982291CE1E0}.Debug|x86.Build.0 = Debug|Any CPU
		{5A7CFC4E-C127-42C8-82E1-3982291CE1E0}.Release|Any CPU.ActiveCfg = Release|Any CPU
		{5A7CFC4E-C127-42C8-82E1-3982291CE1E0}.Release|Any CPU.Build.0 = Release|Any CPU
		{5A7CFC4E-C127-42C8-82E1-3982291CE1E0}.Release|x64.ActiveCfg = Release|Any CPU
		{5A7CFC4E-C127-42C8-82E1-3982291CE1E0}.Release|x64.Build.0 = Release|Any CPU
		{5A7CFC4E-C127-42C8-82E1-3982291CE1E0}.Release|x86.ActiveCfg = Release|Any CPU
		{5A7CFC4E-C127-42C8-82E1-3982291CE1E0}.Release|x86.Build.0 = Release|Any CPU
		{1FD4A7E4-751F-485A-8CDF-0A9D5C8AFE93}.Debug|Any CPU.ActiveCfg = Debug|Any CPU
		{1FD4A7E4-751F-485A-8CDF-0A9D5C8AFE93}.Debug|Any CPU.Build.0 = Debug|Any CPU
		{1FD4A7E4-751F-485A-8CDF-0A9D5C8AFE93}.Debug|x64.ActiveCfg = Debug|Any CPU
		{1FD4A7E4-751F-485A-8CDF-0A9D5C8AFE93}.Debug|x64.Build.0 = Debug|Any CPU
		{1FD4A7E4-751F-485A-8CDF-0A9D5C8AFE93}.Debug|x86.ActiveCfg = Debug|Any CPU
		{1FD4A7E4-751F-485A-8CDF-0A9D5C8AFE93}.Debug|x86.Build.0 = Debug|Any CPU
		{1FD4A7E4-751F-485A-8CDF-0A9D5C8AFE93}.Release|Any CPU.ActiveCfg = Release|Any CPU
		{1FD4A7E4-751F-485A-8CDF-0A9D5C8AFE93}.Release|Any CPU.Build.0 = Release|Any CPU
		{1FD4A7E4-751F-485A-8CDF-0A9D5C8AFE93}.Release|x64.ActiveCfg = Release|Any CPU
		{1FD4A7E4-751F-485A-8CDF-0A9D5C8AFE93}.Release|x64.Build.0 = Release|Any CPU
		{1FD4A7E4-751F-485A-8CDF-0A9D5C8AFE93}.Release|x86.ActiveCfg = Release|Any CPU
		{1FD4A7E4-751F-485A-8CDF-0A9D5C8AFE93}.Release|x86.Build.0 = Release|Any CPU
		{DEF1AA9C-390F-4658-B1CA-23EDBCDF3A52}.Debug|Any CPU.ActiveCfg = Debug|Any CPU
		{DEF1AA9C-390F-4658-B1CA-23EDBCDF3A52}.Debug|Any CPU.Build.0 = Debug|Any CPU
		{DEF1AA9C-390F-4658-B1CA-23EDBCDF3A52}.Debug|x64.ActiveCfg = Debug|Any CPU
		{DEF1AA9C-390F-4658-B1CA-23EDBCDF3A52}.Debug|x64.Build.0 = Debug|Any CPU
		{DEF1AA9C-390F-4658-B1CA-23EDBCDF3A52}.Debug|x86.ActiveCfg = Debug|Any CPU
		{DEF1AA9C-390F-4658-B1CA-23EDBCDF3A52}.Debug|x86.Build.0 = Debug|Any CPU
		{DEF1AA9C-390F-4658-B1CA-23EDBCDF3A52}.Release|Any CPU.ActiveCfg = Release|Any CPU
		{DEF1AA9C-390F-4658-B1CA-23EDBCDF3A52}.Release|Any CPU.Build.0 = Release|Any CPU
		{DEF1AA9C-390F-4658-B1CA-23EDBCDF3A52}.Release|x64.ActiveCfg = Release|Any CPU
		{DEF1AA9C-390F-4658-B1CA-23EDBCDF3A52}.Release|x64.Build.0 = Release|Any CPU
		{DEF1AA9C-390F-4658-B1CA-23EDBCDF3A52}.Release|x86.ActiveCfg = Release|Any CPU
		{DEF1AA9C-390F-4658-B1CA-23EDBCDF3A52}.Release|x86.Build.0 = Release|Any CPU
	EndGlobalSection
	GlobalSection(SolutionProperties) = preSolution
		HideSolutionNode = FALSE
	EndGlobalSection
	GlobalSection(NestedProjects) = preSolution
		{90EF68EC-B4AE-4D0F-AF98-8CE2AF6F9D5D} = {0AB3BF05-4346-4AA6-1389-037BE0695223}
		{F45447BD-080C-4B6B-ADB1-99AF228284C4} = {827E0CD3-B72D-47B6-A68D-7590B98EB39B}
		{BCC2236A-62FF-4B1F-8066-430475B8B4C2} = {0AB3BF05-4346-4AA6-1389-037BE0695223}
		{9E7A6763-8B47-4DEA-A1A2-1956938BCEE7} = {827E0CD3-B72D-47B6-A68D-7590B98EB39B}
		{51B55260-F73F-4572-9A3B-EDE51F69CCC7} = {0AB3BF05-4346-4AA6-1389-037BE0695223}
		{DC2D4ADD-A275-4C34-A075-DBF2DB34F004} = {827E0CD3-B72D-47B6-A68D-7590B98EB39B}
		{4F548F63-36B0-439D-BFC9-D8D567BCD5B5} = {0AB3BF05-4346-4AA6-1389-037BE0695223}
		{38B510C5-EBB6-45B0-9ADE-6D26AD5E26A0} = {827E0CD3-B72D-47B6-A68D-7590B98EB39B}
		{80CF8A75-A020-487F-8095-9562BA75FF80} = {0AB3BF05-4346-4AA6-1389-037BE0695223}
		{28EC609A-BC7E-4B72-9B2B-1DDE91A794FA} = {8E1D1CCC-9289-C849-48CA-D7E099D02B6F}
		{5E9FC640-75BE-4AC9-B701-5CF5609AFF86} = {0AB3BF05-4346-4AA6-1389-037BE0695223}
		{5A7CFC4E-C127-42C8-82E1-3982291CE1E0} = {827E0CD3-B72D-47B6-A68D-7590B98EB39B}
		{1FD4A7E4-751F-485A-8CDF-0A9D5C8AFE93} = {827E0CD3-B72D-47B6-A68D-7590B98EB39B}
		{DEF1AA9C-390F-4658-B1CA-23EDBCDF3A52} = {0AB3BF05-4346-4AA6-1389-037BE0695223}
	EndGlobalSection
EndGlobal
